
Microsoft Visual Studio Solution File, Format Version 12.00
# Visual Studio Version 16
VisualStudioVersion = 16.0.28822.285
MinimumVisualStudioVersion = 10.0.40219.1
Project("{FAE04EC0-301F-11D3-BF4B-00C04F79EFBC}") = "HelloWorldMVC", "HelloWorldMVC.csproj", "{8334EA31-D21D-4B37-BD6D-5F519AB01E9A}"
EndProject
Global
	GlobalSection(SolutionConfigurationPlatforms) = preSolution
		Debug|Any CPU = Debug|Any CPU
		Release|Any CPU = Release|Any CPU
	EndGlobalSection
	GlobalSection(ProjectConfigurationPlatforms) = postSolution
		{8334EA31-D21D-4B37-BD6D-5F519AB01E9A}.Debug|Any CPU.ActiveCfg = Debug|Any CPU
		{8334EA31-D21D-4B37-BD6D-5F519AB01E9A}.Debug|Any CPU.Build.0 = Debug|Any CPU
		{8334EA31-D21D-4B37-BD6D-5F519AB01E9A}.Release|Any CPU.ActiveCfg = Release|Any CPU
		{8334EA31-D21D-4B37-BD6D-5F519AB01E9A}.Release|Any CPU.Build.0 = Release|Any CPU
	EndGlobalSection
	GlobalSection(SolutionProperties) = preSolution
		HideSolutionNode = FALSE
	EndGlobalSection
	GlobalSection(ExtensibilityGlobals) = postSolution
		SolutionGuid = {C7786191-7DD4-4B6C-AFFA-2CADFDB12071}
	EndGlobalSection
EndGlobal
