
Microsoft Visual Studio Solution File, Format Version 12.00
# Visual Studio Version 16
VisualStudioVersion = 16.0.28822.285
MinimumVisualStudioVersion = 10.0.40219.1
Project("{FAE04EC0-301F-11D3-BF4B-00C04F79EFBC}") = "EmployeeManager.Mvc", "EmployeeManager.Mvc.csproj", "{7AA2A14B-400B-4A7A-A8BE-91828D44F99C}"
EndProject
Global
	GlobalSection(SolutionConfigurationPlatforms) = preSolution
		Debug|Any CPU = Debug|Any CPU
		Release|Any CPU = Release|Any CPU
	EndGlobalSection
	GlobalSection(ProjectConfigurationPlatforms) = postSolution
		{7AA2A14B-400B-4A7A-A8BE-91828D44F99C}.Debug|Any CPU.ActiveCfg = Debug|Any CPU
		{7AA2A14B-400B-4A7A-A8BE-91828D44F99C}.Debug|Any CPU.Build.0 = Debug|Any CPU
		{7AA2A14B-400B-4A7A-A8BE-91828D44F99C}.Release|Any CPU.ActiveCfg = Release|Any CPU
		{7AA2A14B-400B-4A7A-A8BE-91828D44F99C}.Release|Any CPU.Build.0 = Release|Any CPU
	EndGlobalSection
	GlobalSection(SolutionProperties) = preSolution
		HideSolutionNode = FALSE
	EndGlobalSection
	GlobalSection(ExtensibilityGlobals) = postSolution
		SolutionGuid = {A7F573F6-6FA6-454E-8FB9-EB17EDDEC625}
	EndGlobalSection
EndGlobal
