
Microsoft Visual Studio Solution File, Format Version 12.00
# Visual Studio Version 16
VisualStudioVersion = 16.0.28902.138
MinimumVisualStudioVersion = 10.0.40219.1
Project("{9A19103F-16F7-4668-BE54-9A1E7A4F7556}") = "EmployeeManager.MongoDB", "EmployeeManager.MongoDB.csproj", "{D9CF710C-1C1F-4CB0-8639-C5152A3E61A8}"
EndProject
Global
	GlobalSection(SolutionConfigurationPlatforms) = preSolution
		Debug|Any CPU = Debug|Any CPU
		Release|Any CPU = Release|Any CPU
	EndGlobalSection
	GlobalSection(ProjectConfigurationPlatforms) = postSolution
		{D9CF710C-1C1F-4CB0-8639-C5152A3E61A8}.Debug|Any CPU.ActiveCfg = Debug|Any CPU
		{D9CF710C-1C1F-4CB0-8639-C5152A3E61A8}.Debug|Any CPU.Build.0 = Debug|Any CPU
		{D9CF710C-1C1F-4CB0-8639-C5152A3E61A8}.Release|Any CPU.ActiveCfg = Release|Any CPU
		{D9CF710C-1C1F-4CB0-8639-C5152A3E61A8}.Release|Any CPU.Build.0 = Release|Any CPU
	EndGlobalSection
	GlobalSection(SolutionProperties) = preSolution
		HideSolutionNode = FALSE
	EndGlobalSection
	GlobalSection(ExtensibilityGlobals) = postSolution
		SolutionGuid = {ABDB8F6B-E8F7-4630-A746-736EAC013086}
	EndGlobalSection
EndGlobal
