
Microsoft Visual Studio Solution File, Format Version 12.00
# Visual Studio Version 16
VisualStudioVersion = 16.0.28822.285
MinimumVisualStudioVersion = 10.0.40219.1
Project("{FAE04EC0-301F-11D3-BF4B-00C04F79EFBC}") = "EmployeeManager.RazorPages", "EmployeeManager.RazorPages.csproj", "{131EBF3B-5FDB-430B-A4DF-12FCB6B36A18}"
EndProject
Global
	GlobalSection(SolutionConfigurationPlatforms) = preSolution
		Debug|Any CPU = Debug|Any CPU
		Release|Any CPU = Release|Any CPU
	EndGlobalSection
	GlobalSection(ProjectConfigurationPlatforms) = postSolution
		{131EBF3B-5FDB-430B-A4DF-12FCB6B36A18}.Debug|Any CPU.ActiveCfg = Debug|Any CPU
		{131EBF3B-5FDB-430B-A4DF-12FCB6B36A18}.Debug|Any CPU.Build.0 = Debug|Any CPU
		{131EBF3B-5FDB-430B-A4DF-12FCB6B36A18}.Release|Any CPU.ActiveCfg = Release|Any CPU
		{131EBF3B-5FDB-430B-A4DF-12FCB6B36A18}.Release|Any CPU.Build.0 = Release|Any CPU
	EndGlobalSection
	GlobalSection(SolutionProperties) = preSolution
		HideSolutionNode = FALSE
	EndGlobalSection
	GlobalSection(ExtensibilityGlobals) = postSolution
		SolutionGuid = {03B97247-3604-47DA-8DCB-8C77DE276D2C}
	EndGlobalSection
EndGlobal
