
Microsoft Visual Studio Solution File, Format Version 12.00
# Visual Studio Version 16
VisualStudioVersion = 16.0.28822.285
MinimumVisualStudioVersion = 10.0.40219.1
Project("{FAE04EC0-301F-11D3-BF4B-00C04F79EFBC}") = "HelloWorldRazorPages", "HelloWorldRazorPages.csproj", "{FC77A0F8-C1E3-410E-B18F-E86369845D08}"
EndProject
Global
	GlobalSection(SolutionConfigurationPlatforms) = preSolution
		Debug|Any CPU = Debug|Any CPU
		Release|Any CPU = Release|Any CPU
	EndGlobalSection
	GlobalSection(ProjectConfigurationPlatforms) = postSolution
		{FC77A0F8-C1E3-410E-B18F-E86369845D08}.Debug|Any CPU.ActiveCfg = Debug|Any CPU
		{FC77A0F8-C1E3-410E-B18F-E86369845D08}.Debug|Any CPU.Build.0 = Debug|Any CPU
		{FC77A0F8-C1E3-410E-B18F-E86369845D08}.Release|Any CPU.ActiveCfg = Release|Any CPU
		{FC77A0F8-C1E3-410E-B18F-E86369845D08}.Release|Any CPU.Build.0 = Release|Any CPU
	EndGlobalSection
	GlobalSection(SolutionProperties) = preSolution
		HideSolutionNode = FALSE
	EndGlobalSection
	GlobalSection(ExtensibilityGlobals) = postSolution
		SolutionGuid = {EE279264-469E-46A1-AD8B-74E665B5962B}
	EndGlobalSection
EndGlobal
