
Microsoft Visual Studio Solution File, Format Version 12.00
# Visual Studio Version 16
VisualStudioVersion = 16.0.28822.285
MinimumVisualStudioVersion = 10.0.40219.1
Project("{9A19103F-16F7-4668-BE54-9A1E7A4F7556}") = "EmployeeManager.Api", "EmployeeManager.Api.csproj", "{7453C587-159F-451B-A2DF-B1CA7559B307}"
EndProject
Project("{9A19103F-16F7-4668-BE54-9A1E7A4F7556}") = "EmployeeManager.ApiClient", "..\EmployeeManager.ApiClient\EmployeeManager.ApiClient.csproj", "{A544AFD0-75B0-46ED-870E-3120A4DE961F}"
EndProject
Global
	GlobalSection(SolutionConfigurationPlatforms) = preSolution
		Debug|Any CPU = Debug|Any CPU
		Release|Any CPU = Release|Any CPU
	EndGlobalSection
	GlobalSection(ProjectConfigurationPlatforms) = postSolution
		{7453C587-159F-451B-A2DF-B1CA7559B307}.Debug|Any CPU.ActiveCfg = Debug|Any CPU
		{7453C587-159F-451B-A2DF-B1CA7559B307}.Debug|Any CPU.Build.0 = Debug|Any CPU
		{7453C587-159F-451B-A2DF-B1CA7559B307}.Release|Any CPU.ActiveCfg = Release|Any CPU
		{7453C587-159F-451B-A2DF-B1CA7559B307}.Release|Any CPU.Build.0 = Release|Any CPU
		{A544AFD0-75B0-46ED-870E-3120A4DE961F}.Debug|Any CPU.ActiveCfg = Debug|Any CPU
		{A544AFD0-75B0-46ED-870E-3120A4DE961F}.Debug|Any CPU.Build.0 = Debug|Any CPU
		{A544AFD0-75B0-46ED-870E-3120A4DE961F}.Release|Any CPU.ActiveCfg = Release|Any CPU
		{A544AFD0-75B0-46ED-870E-3120A4DE961F}.Release|Any CPU.Build.0 = Release|Any CPU
	EndGlobalSection
	GlobalSection(SolutionProperties) = preSolution
		HideSolutionNode = FALSE
	EndGlobalSection
	GlobalSection(ExtensibilityGlobals) = postSolution
		SolutionGuid = {0E29F247-7580-4B21-8DFE-D6D64849636E}
	EndGlobalSection
EndGlobal
