
Microsoft Visual Studio Solution File, Format Version 12.00
# Visual Studio Version 16
VisualStudioVersion = 16.0.29006.145
MinimumVisualStudioVersion = 10.0.40219.1
Project("{9A19103F-16F7-4668-BE54-9A1E7A4F7556}") = "EmployeeManager.ApiClient", "EmployeeManager.ApiClient.csproj", "{8D31A0A7-4C22-4FFF-BC99-C64BA0EB74DD}"
EndProject
Global
	GlobalSection(SolutionConfigurationPlatforms) = preSolution
		Debug|Any CPU = Debug|Any CPU
		Release|Any CPU = Release|Any CPU
	EndGlobalSection
	GlobalSection(ProjectConfigurationPlatforms) = postSolution
		{8D31A0A7-4C22-4FFF-BC99-C64BA0EB74DD}.Debug|Any CPU.ActiveCfg = Debug|Any CPU
		{8D31A0A7-4C22-4FFF-BC99-C64BA0EB74DD}.Debug|Any CPU.Build.0 = Debug|Any CPU
		{8D31A0A7-4C22-4FFF-BC99-C64BA0EB74DD}.Release|Any CPU.ActiveCfg = Release|Any CPU
		{8D31A0A7-4C22-4FFF-BC99-C64BA0EB74DD}.Release|Any CPU.Build.0 = Release|Any CPU
	EndGlobalSection
	GlobalSection(SolutionProperties) = preSolution
		HideSolutionNode = FALSE
	EndGlobalSection
	GlobalSection(ExtensibilityGlobals) = postSolution
		SolutionGuid = {1AAF8F17-5F18-4A20-9AA3-F2561CA10CCD}
	EndGlobalSection
EndGlobal
